
Microsoft Visual Studio Solution File, Format Version 12.00
# Visual Studio Version 17
VisualStudioVersion = 17.9.34728.123
MinimumVisualStudioVersion = 10.0.40219.1
Project("{9A19103F-16F7-4668-BE54-9A1E7A4F7556}") = "SRAM_Userfuncs", "SRAM_Userfuncs\SRAM_Userfuncs.csproj", "{B35935FA-7CFE-4FA0-B8E5-EA51CD195D9B}"
EndProject
Project("{9A19103F-16F7-4668-BE54-9A1E7A4F7556}") = "Local_Userfuncs", "Local_Userfuncs\Local_Userfuncs.csproj", "{98DEA50B-7479-41E8-9005-F79EC9015F54}"
EndProject
Global
	GlobalSection(SolutionConfigurationPlatforms) = preSolution
		Debug|Any CPU = Debug|Any CPU
		Debug|x64 = Debug|x64
		Release|Any CPU = Release|Any CPU
		Release|x64 = Release|x64
	EndGlobalSection
	GlobalSection(ProjectConfigurationPlatforms) = postSolution
		{B35935FA-7CFE-4FA0-B8E5-EA51CD195D9B}.Debug|Any CPU.ActiveCfg = Debug|Any CPU
		{B35935FA-7CFE-4FA0-B8E5-EA51CD195D9B}.Debug|Any CPU.Build.0 = Debug|Any CPU
		{B35935FA-7CFE-4FA0-B8E5-EA51CD195D9B}.Debug|x64.ActiveCfg = Debug|x64
		{B35935FA-7CFE-4FA0-B8E5-EA51CD195D9B}.Debug|x64.Build.0 = Debug|x64
		{B35935FA-7CFE-4FA0-B8E5-EA51CD195D9B}.Release|Any CPU.ActiveCfg = Release|Any CPU
		{B35935FA-7CFE-4FA0-B8E5-EA51CD195D9B}.Release|Any CPU.Build.0 = Release|Any CPU
		{B35935FA-7CFE-4FA0-B8E5-EA51CD195D9B}.Release|x64.ActiveCfg = Release|x64
		{B35935FA-7CFE-4FA0-B8E5-EA51CD195D9B}.Release|x64.Build.0 = Release|x64
		{98DEA50B-7479-41E8-9005-F79EC9015F54}.Debug|Any CPU.ActiveCfg = Debug|Any CPU
		{98DEA50B-7479-41E8-9005-F79EC9015F54}.Debug|Any CPU.Build.0 = Debug|Any CPU
		{98DEA50B-7479-41E8-9005-F79EC9015F54}.Debug|x64.ActiveCfg = Debug|x64
		{98DEA50B-7479-41E8-9005-F79EC9015F54}.Debug|x64.Build.0 = Debug|x64
		{98DEA50B-7479-41E8-9005-F79EC9015F54}.Release|Any CPU.ActiveCfg = Release|Any CPU
		{98DEA50B-7479-41E8-9005-F79EC9015F54}.Release|Any CPU.Build.0 = Release|Any CPU
		{98DEA50B-7479-41E8-9005-F79EC9015F54}.Release|x64.ActiveCfg = Release|x64
		{98DEA50B-7479-41E8-9005-F79EC9015F54}.Release|x64.Build.0 = Release|x64
	EndGlobalSection
	GlobalSection(SolutionProperties) = preSolution
		HideSolutionNode = FALSE
	EndGlobalSection
	GlobalSection(ExtensibilityGlobals) = postSolution
		SolutionGuid = {4F17770B-98E6-45AF-974F-80425D10390F}
	EndGlobalSection
EndGlobal
